
Microsoft Visual Studio Solution File, Format Version 12.00
# Visual Studio Version 16
VisualStudioVersion = 16.0.30225.117
MinimumVisualStudioVersion = 10.0.40219.1
Project("{FAE04EC0-301F-11D3-BF4B-00C04F79EFBC}") = "ConsoleAppGitTest", "ConsoleAppGitTest\ConsoleAppGitTest.csproj", "{55FDE91D-C0EF-45A8-894D-A2BC4871400B}"
EndProject
Global
	GlobalSection(SolutionConfigurationPlatforms) = preSolution
		Debug|Any CPU = Debug|Any CPU
		Release|Any CPU = Release|Any CPU
	EndGlobalSection
	GlobalSection(ProjectConfigurationPlatforms) = postSolution
		{55FDE91D-C0EF-45A8-894D-A2BC4871400B}.Debug|Any CPU.ActiveCfg = Debug|Any CPU
		{55FDE91D-C0EF-45A8-894D-A2BC4871400B}.Debug|Any CPU.Build.0 = Debug|Any CPU
		{55FDE91D-C0EF-45A8-894D-A2BC4871400B}.Release|Any CPU.ActiveCfg = Release|Any CPU
		{55FDE91D-C0EF-45A8-894D-A2BC4871400B}.Release|Any CPU.Build.0 = Release|Any CPU
	EndGlobalSection
	GlobalSection(SolutionProperties) = preSolution
		HideSolutionNode = FALSE
	EndGlobalSection
	GlobalSection(ExtensibilityGlobals) = postSolution
		SolutionGuid = {C9FC973E-43CA-43C4-9955-D23CA61E6E1C}
	EndGlobalSection
EndGlobal
